// !$*UTF8*$!
{
	archiveVersion = 1;
	classes = {
	};
	objectVersion = 56;
	objects = {

/* Begin PBXBuildFile section */
		DD17129E2B774BF30086284A /* LogInViewController.swift in Sources */ = {isa = PBXBuildFile; fileRef = DD17129D2B774BF30086284A /* LogInViewController.swift */; };
		DD1712A12B77B8A80086284A /* ExtentionUIImage.swift in Sources */ = {isa = PBXBuildFile; fileRef = DD1712A02B77B8A80086284A /* ExtentionUIImage.swift */; };
		DD1712A32B7807400086284A /* LayoutContent.swift in Sources */ = {isa = PBXBuildFile; fileRef = DD1712A22B7807400086284A /* LayoutContent.swift */; };
		DD1712AB2B93C7280086284A /* PostExample.swift in Sources */ = {isa = PBXBuildFile; fileRef = DD1712AA2B93C7280086284A /* PostExample.swift */; };
		DD1712AD2B95CAE30086284A /* PostTableViewCell.swift in Sources */ = {isa = PBXBuildFile; fileRef = DD1712AC2B95CAE30086284A /* PostTableViewCell.swift */; };
		DD293B522B698F0F00DAA167 /* AppDelegate.swift in Sources */ = {isa = PBXBuildFile; fileRef = DD293B512B698F0F00DAA167 /* AppDelegate.swift */; };
		DD293B542B698F0F00DAA167 /* SceneDelegate.swift in Sources */ = {isa = PBXBuildFile; fileRef = DD293B532B698F0F00DAA167 /* SceneDelegate.swift */; };
		DD293B562B698F0F00DAA167 /* ViewController.swift in Sources */ = {isa = PBXBuildFile; fileRef = DD293B552B698F0F00DAA167 /* ViewController.swift */; };
		DD293B5B2B698F1000DAA167 /* Assets.xcassets in Resources */ = {isa = PBXBuildFile; fileRef = DD293B5A2B698F1000DAA167 /* Assets.xcassets */; };
		DD293B5E2B698F1000DAA167 /* LaunchScreen.storyboard in Resources */ = {isa = PBXBuildFile; fileRef = DD293B5C2B698F1000DAA167 /* LaunchScreen.storyboard */; };
		DD293B662B6991EF00DAA167 /* FeedViewController.swift in Sources */ = {isa = PBXBuildFile; fileRef = DD293B652B6991EF00DAA167 /* FeedViewController.swift */; };
		DD293B682B69924A00DAA167 /* ProfileViewController.swift in Sources */ = {isa = PBXBuildFile; fileRef = DD293B672B69924A00DAA167 /* ProfileViewController.swift */; };
		DD293B6A2B69929700DAA167 /* PostViewController.swift in Sources */ = {isa = PBXBuildFile; fileRef = DD293B692B69929700DAA167 /* PostViewController.swift */; };
		DD293B6C2B69931D00DAA167 /* Post.swift in Sources */ = {isa = PBXBuildFile; fileRef = DD293B6B2B69931D00DAA167 /* Post.swift */; };
		DD293B6E2B69935500DAA167 /* InfoViewController.swift in Sources */ = {isa = PBXBuildFile; fileRef = DD293B6D2B69935500DAA167 /* InfoViewController.swift */; };
		DD293B712B6A1AD900DAA167 /* ProfileHeaderView.swift in Sources */ = {isa = PBXBuildFile; fileRef = DD293B702B6A1AD900DAA167 /* ProfileHeaderView.swift */; };
/* End PBXBuildFile section */

/* Begin PBXFileReference section */
		DD17129D2B774BF30086284A /* LogInViewController.swift */ = {isa = PBXFileReference; lastKnownFileType = sourcecode.swift; path = LogInViewController.swift; sourceTree = "<group>"; };
		DD1712A02B77B8A80086284A /* ExtentionUIImage.swift */ = {isa = PBXFileReference; lastKnownFileType = sourcecode.swift; path = ExtentionUIImage.swift; sourceTree = "<group>"; };
		DD1712A22B7807400086284A /* LayoutContent.swift */ = {isa = PBXFileReference; lastKnownFileType = sourcecode.swift; path = LayoutContent.swift; sourceTree = "<group>"; };
		DD1712AA2B93C7280086284A /* PostExample.swift */ = {isa = PBXFileReference; lastKnownFileType = sourcecode.swift; path = PostExample.swift; sourceTree = "<group>"; };
		DD1712AC2B95CAE30086284A /* PostTableViewCell.swift */ = {isa = PBXFileReference; lastKnownFileType = sourcecode.swift; path = PostTableViewCell.swift; sourceTree = "<group>"; };
		DD293B4E2B698F0F00DAA167 /* Navigation.app */ = {isa = PBXFileReference; explicitFileType = wrapper.application; includeInIndex = 0; path = Navigation.app; sourceTree = BUILT_PRODUCTS_DIR; };
		DD293B512B698F0F00DAA167 /* AppDelegate.swift */ = {isa = PBXFileReference; lastKnownFileType = sourcecode.swift; path = AppDelegate.swift; sourceTree = "<group>"; };
		DD293B532B698F0F00DAA167 /* SceneDelegate.swift */ = {isa = PBXFileReference; lastKnownFileType = sourcecode.swift; path = SceneDelegate.swift; sourceTree = "<group>"; };
		DD293B552B698F0F00DAA167 /* ViewController.swift */ = {isa = PBXFileReference; lastKnownFileType = sourcecode.swift; path = ViewController.swift; sourceTree = "<group>"; };
		DD293B5A2B698F1000DAA167 /* Assets.xcassets */ = {isa = PBXFileReference; lastKnownFileType = folder.assetcatalog; path = Assets.xcassets; sourceTree = "<group>"; };
		DD293B5D2B698F1000DAA167 /* Base */ = {isa = PBXFileReference; lastKnownFileType = file.storyboard; name = Base; path = Base.lproj/LaunchScreen.storyboard; sourceTree = "<group>"; };
		DD293B5F2B698F1000DAA167 /* Info.plist */ = {isa = PBXFileReference; lastKnownFileType = text.plist.xml; path = Info.plist; sourceTree = "<group>"; };
		DD293B652B6991EF00DAA167 /* FeedViewController.swift */ = {isa = PBXFileReference; lastKnownFileType = sourcecode.swift; path = FeedViewController.swift; sourceTree = "<group>"; };
		DD293B672B69924A00DAA167 /* ProfileViewController.swift */ = {isa = PBXFileReference; lastKnownFileType = sourcecode.swift; path = ProfileViewController.swift; sourceTree = "<group>"; };
		DD293B692B69929700DAA167 /* PostViewController.swift */ = {isa = PBXFileReference; lastKnownFileType = sourcecode.swift; path = PostViewController.swift; sourceTree = "<group>"; };
		DD293B6B2B69931D00DAA167 /* Post.swift */ = {isa = PBXFileReference; lastKnownFileType = sourcecode.swift; path = Post.swift; sourceTree = "<group>"; };
		DD293B6D2B69935500DAA167 /* InfoViewController.swift */ = {isa = PBXFileReference; lastKnownFileType = sourcecode.swift; path = InfoViewController.swift; sourceTree = "<group>"; };
		DD293B702B6A1AD900DAA167 /* ProfileHeaderView.swift */ = {isa = PBXFileReference; lastKnownFileType = sourcecode.swift; path = ProfileHeaderView.swift; sourceTree = "<group>"; };
/* End PBXFileReference section */

/* Begin PBXFrameworksBuildPhase section */
		DD293B4B2B698F0F00DAA167 /* Frameworks */ = {
			isa = PBXFrameworksBuildPhase;
			buildActionMask = 2147483647;
			files = (
			);
			runOnlyForDeploymentPostprocessing = 0;
		};
/* End PBXFrameworksBuildPhase section */

/* Begin PBXGroup section */
		DD17129F2B77B8920086284A /* Extention */ = {
			isa = PBXGroup;
			children = (
				DD1712A02B77B8A80086284A /* ExtentionUIImage.swift */,
				DD1712A22B7807400086284A /* LayoutContent.swift */,
				DD1712AA2B93C7280086284A /* PostExample.swift */,
			);
			path = Extention;
			sourceTree = "<group>";
		};
		DD293B452B698F0F00DAA167 = {
			isa = PBXGroup;
			children = (
				DD293B502B698F0F00DAA167 /* Navigation */,
				DD293B4F2B698F0F00DAA167 /* Products */,
			);
			sourceTree = "<group>";
		};
		DD293B4F2B698F0F00DAA167 /* Products */ = {
			isa = PBXGroup;
			children = (
				DD293B4E2B698F0F00DAA167 /* Navigation.app */,
			);
			name = Products;
			sourceTree = "<group>";
		};
		DD293B502B698F0F00DAA167 /* Navigation */ = {
			isa = PBXGroup;
			children = (
				DD293B512B698F0F00DAA167 /* AppDelegate.swift */,
				DD293B532B698F0F00DAA167 /* SceneDelegate.swift */,
				DD293B552B698F0F00DAA167 /* ViewController.swift */,
				DD17129F2B77B8920086284A /* Extention */,
				DD293B6F2B6A1AA900DAA167 /* Profile */,
				DD293B652B6991EF00DAA167 /* FeedViewController.swift */,
				DD293B6D2B69935500DAA167 /* InfoViewController.swift */,
				DD293B5C2B698F1000DAA167 /* LaunchScreen.storyboard */,
				DD293B5A2B698F1000DAA167 /* Assets.xcassets */,
				DD293B5F2B698F1000DAA167 /* Info.plist */,
			);
			path = Navigation;
			sourceTree = "<group>";
		};
		DD293B6F2B6A1AA900DAA167 /* Profile */ = {
			isa = PBXGroup;
			children = (
				DD293B692B69929700DAA167 /* PostViewController.swift */,
				DD293B6B2B69931D00DAA167 /* Post.swift */,
				DD17129D2B774BF30086284A /* LogInViewController.swift */,
				DD293B672B69924A00DAA167 /* ProfileViewController.swift */,
				DD293B702B6A1AD900DAA167 /* ProfileHeaderView.swift */,
				DD1712AC2B95CAE30086284A /* PostTableViewCell.swift */,
			);
			path = Profile;
			sourceTree = "<group>";
		};
/* End PBXGroup section */

/* Begin PBXNativeTarget section */
		DD293B4D2B698F0F00DAA167 /* Navigation */ = {
			isa = PBXNativeTarget;
			buildConfigurationList = DD293B622B698F1000DAA167 /* Build configuration list for PBXNativeTarget "Navigation" */;
			buildPhases = (
				DD293B4A2B698F0F00DAA167 /* Sources */,
				DD293B4B2B698F0F00DAA167 /* Frameworks */,
				DD293B4C2B698F0F00DAA167 /* Resources */,
			);
			buildRules = (
			);
			dependencies = (
			);
			name = Navigation;
			productName = Navigation;
			productReference = DD293B4E2B698F0F00DAA167 /* Navigation.app */;
			productType = "com.apple.product-type.application";
		};
/* End PBXNativeTarget section */

/* Begin PBXProject section */
		DD293B462B698F0F00DAA167 /* Project object */ = {
			isa = PBXProject;
			attributes = {
				BuildIndependentTargetsInParallel = 1;
				LastSwiftUpdateCheck = 1500;
				LastUpgradeCheck = 1500;
				TargetAttributes = {
					DD293B4D2B698F0F00DAA167 = {
						CreatedOnToolsVersion = 15.0.1;
					};
				};
			};
			buildConfigurationList = DD293B492B698F0F00DAA167 /* Build configuration list for PBXProject "Navigation" */;
			compatibilityVersion = "Xcode 14.0";
			developmentRegion = en;
			hasScannedForEncodings = 0;
			knownRegions = (
				en,
				Base,
			);
			mainGroup = DD293B452B698F0F00DAA167;
			productRefGroup = DD293B4F2B698F0F00DAA167 /* Products */;
			projectDirPath = "";
			projectRoot = "";
			targets = (
				DD293B4D2B698F0F00DAA167 /* Navigation */,
			);
		};
/* End PBXProject section */

/* Begin PBXResourcesBuildPhase section */
		DD293B4C2B698F0F00DAA167 /* Resources */ = {
			isa = PBXResourcesBuildPhase;
			buildActionMask = 2147483647;
			files = (
				DD293B5E2B698F1000DAA167 /* LaunchScreen.storyboard in Resources */,
				DD293B5B2B698F1000DAA167 /* Assets.xcassets in Resources */,
			);
			runOnlyForDeploymentPostprocessing = 0;
		};
/* End PBXResourcesBuildPhase section */

/* Begin PBXSourcesBuildPhase section */
		DD293B4A2B698F0F00DAA167 /* Sources */ = {
			isa = PBXSourcesBuildPhase;
			buildActionMask = 2147483647;
			files = (
				DD293B6A2B69929700DAA167 /* PostViewController.swift in Sources */,
				DD293B562B698F0F00DAA167 /* ViewController.swift in Sources */,
				DD293B522B698F0F00DAA167 /* AppDelegate.swift in Sources */,
				DD1712A32B7807400086284A /* LayoutContent.swift in Sources */,
				DD293B682B69924A00DAA167 /* ProfileViewController.swift in Sources */,
				DD293B712B6A1AD900DAA167 /* ProfileHeaderView.swift in Sources */,
				DD293B662B6991EF00DAA167 /* FeedViewController.swift in Sources */,
				DD1712AD2B95CAE30086284A /* PostTableViewCell.swift in Sources */,
				DD293B6C2B69931D00DAA167 /* Post.swift in Sources */,
				DD293B6E2B69935500DAA167 /* InfoViewController.swift in Sources */,
				DD17129E2B774BF30086284A /* LogInViewController.swift in Sources */,
				DD1712A12B77B8A80086284A /* ExtentionUIImage.swift in Sources */,
				DD293B542B698F0F00DAA167 /* SceneDelegate.swift in Sources */,
				DD1712AB2B93C7280086284A /* PostExample.swift in Sources */,
			);
			runOnlyForDeploymentPostprocessing = 0;
		};
/* End PBXSourcesBuildPhase section */

/* Begin PBXVariantGroup section */
		DD293B5C2B698F1000DAA167 /* LaunchScreen.storyboard */ = {
			isa = PBXVariantGroup;
			children = (
				DD293B5D2B698F1000DAA167 /* Base */,
			);
			name = LaunchScreen.storyboard;
			sourceTree = "<group>";
		};
/* End PBXVariantGroup section */

/* Begin XCBuildConfiguration section */
		DD293B602B698F1000DAA167 /* Debug */ = {
			isa = XCBuildConfiguration;
			buildSettings = {
				ALWAYS_SEARCH_USER_PATHS = NO;
				ASSETCATALOG_COMPILER_GENERATE_SWIFT_ASSET_SYMBOL_EXTENSIONS = YES;
				CLANG_ANALYZER_NONNULL = YES;
				CLANG_ANALYZER_NUMBER_OBJECT_CONVERSION = YES_AGGRESSIVE;
				CLANG_CXX_LANGUAGE_STANDARD = "gnu++20";
				CLANG_ENABLE_MODULES = YES;
				CLANG_ENABLE_OBJC_ARC = YES;
				CLANG_ENABLE_OBJC_WEAK = YES;
				CLANG_WARN_BLOCK_CAPTURE_AUTORELEASING = YES;
				CLANG_WARN_BOOL_CONVERSION = YES;
				CLANG_WARN_COMMA = YES;
				CLANG_WARN_CONSTANT_CONVERSION = YES;
				CLANG_WARN_DEPRECATED_OBJC_IMPLEMENTATIONS = YES;
				CLANG_WARN_DIRECT_OBJC_ISA_USAGE = YES_ERROR;
				CLANG_WARN_DOCUMENTATION_COMMENTS = YES;
				CLANG_WARN_EMPTY_BODY = YES;
				CLANG_WARN_ENUM_CONVERSION = YES;
				CLANG_WARN_INFINITE_RECURSION = YES;
				CLANG_WARN_INT_CONVERSION = YES;
				CLANG_WARN_NON_LITERAL_NULL_CONVERSION = YES;
				CLANG_WARN_OBJC_IMPLICIT_RETAIN_SELF = YES;
				CLANG_WARN_OBJC_LITERAL_CONVERSION = YES;
				CLANG_WARN_OBJC_ROOT_CLASS = YES_ERROR;
				CLANG_WARN_QUOTED_INCLUDE_IN_FRAMEWORK_HEADER = YES;
				CLANG_WARN_RANGE_LOOP_ANALYSIS = YES;
				CLANG_WARN_STRICT_PROTOTYPES = YES;
				CLANG_WARN_SUSPICIOUS_MOVE = YES;
				CLANG_WARN_UNGUARDED_AVAILABILITY = YES_AGGRESSIVE;
				CLANG_WARN_UNREACHABLE_CODE = YES;
				CLANG_WARN__DUPLICATE_METHOD_MATCH = YES;
				COPY_PHASE_STRIP = NO;
				DEBUG_INFORMATION_FORMAT = dwarf;
				ENABLE_STRICT_OBJC_MSGSEND = YES;
				ENABLE_TESTABILITY = YES;
				ENABLE_USER_SCRIPT_SANDBOXING = YES;
				GCC_C_LANGUAGE_STANDARD = gnu17;
				GCC_DYNAMIC_NO_PIC = NO;
				GCC_NO_COMMON_BLOCKS = YES;
				GCC_OPTIMIZATION_LEVEL = 0;
				GCC_PREPROCESSOR_DEFINITIONS = (
					"DEBUG=1",
					"$(inherited)",
				);
				GCC_WARN_64_TO_32_BIT_CONVERSION = YES;
				GCC_WARN_ABOUT_RETURN_TYPE = YES_ERROR;
				GCC_WARN_UNDECLARED_SELECTOR = YES;
				GCC_WARN_UNINITIALIZED_AUTOS = YES_AGGRESSIVE;
				GCC_WARN_UNUSED_FUNCTION = YES;
				GCC_WARN_UNUSED_VARIABLE = YES;
				IPHONEOS_DEPLOYMENT_TARGET = 17.0;
				LOCALIZATION_PREFERS_STRING_CATALOGS = YES;
				MTL_ENABLE_DEBUG_INFO = INCLUDE_SOURCE;
				MTL_FAST_MATH = YES;
				ONLY_ACTIVE_ARCH = YES;
				SDKROOT = iphoneos;
				SWIFT_ACTIVE_COMPILATION_CONDITIONS = "DEBUG $(inherited)";
				SWIFT_OPTIMIZATION_LEVEL = "-Onone";
			};
			name = Debug;
		};
		DD293B612B698F1000DAA167 /* Release */ = {
			isa = XCBuildConfiguration;
			buildSettings = {
				ALWAYS_SEARCH_USER_PATHS = NO;
				ASSETCATALOG_COMPILER_GENERATE_SWIFT_ASSET_SYMBOL_EXTENSIONS = YES;
				CLANG_ANALYZER_NONNULL = YES;
				CLANG_ANALYZER_NUMBER_OBJECT_CONVERSION = YES_AGGRESSIVE;
				CLANG_CXX_LANGUAGE_STANDARD = "gnu++20";
				CLANG_ENABLE_MODULES = YES;
				CLANG_ENABLE_OBJC_ARC = YES;
				CLANG_ENABLE_OBJC_WEAK = YES;
				CLANG_WARN_BLOCK_CAPTURE_AUTORELEASING = YES;
				CLANG_WARN_BOOL_CONVERSION = YES;
				CLANG_WARN_COMMA = YES;
				CLANG_WARN_CONSTANT_CONVERSION = YES;
				CLANG_WARN_DEPRECATED_OBJC_IMPLEMENTATIONS = YES;
				CLANG_WARN_DIRECT_OBJC_ISA_USAGE = YES_ERROR;
				CLANG_WARN_DOCUMENTATION_COMMENTS = YES;
				CLANG_WARN_EMPTY_BODY = YES;
				CLANG_WARN_ENUM_CONVERSION = YES;
				CLANG_WARN_INFINITE_RECURSION = YES;
				CLANG_WARN_INT_CONVERSION = YES;
				CLANG_WARN_NON_LITERAL_NULL_CONVERSION = YES;
				CLANG_WARN_OBJC_IMPLICIT_RETAIN_SELF = YES;
				CLANG_WARN_OBJC_LITERAL_CONVERSION = YES;
				CLANG_WARN_OBJC_ROOT_CLASS = YES_ERROR;
				CLANG_WARN_QUOTED_INCLUDE_IN_FRAMEWORK_HEADER = YES;
				CLANG_WARN_RANGE_LOOP_ANALYSIS = YES;
				CLANG_WARN_STRICT_PROTOTYPES = YES;
				CLANG_WARN_SUSPICIOUS_MOVE = YES;
				CLANG_WARN_UNGUARDED_AVAILABILITY = YES_AGGRESSIVE;
				CLANG_WARN_UNREACHABLE_CODE = YES;
				CLANG_WARN__DUPLICATE_METHOD_MATCH = YES;
				COPY_PHASE_STRIP = NO;
				DEBUG_INFORMATION_FORMAT = "dwarf-with-dsym";
				ENABLE_NS_ASSERTIONS = NO;
				ENABLE_STRICT_OBJC_MSGSEND = YES;
				ENABLE_USER_SCRIPT_SANDBOXING = YES;
				GCC_C_LANGUAGE_STANDARD = gnu17;
				GCC_NO_COMMON_BLOCKS = YES;
				GCC_WARN_64_TO_32_BIT_CONVERSION = YES;
				GCC_WARN_ABOUT_RETURN_TYPE = YES_ERROR;
				GCC_WARN_UNDECLARED_SELECTOR = YES;
				GCC_WARN_UNINITIALIZED_AUTOS = YES_AGGRESSIVE;
				GCC_WARN_UNUSED_FUNCTION = YES;
				GCC_WARN_UNUSED_VARIABLE = YES;
				IPHONEOS_DEPLOYMENT_TARGET = 17.0;
				LOCALIZATION_PREFERS_STRING_CATALOGS = YES;
				MTL_ENABLE_DEBUG_INFO = NO;
				MTL_FAST_MATH = YES;
				SDKROOT = iphoneos;
				SWIFT_COMPILATION_MODE = wholemodule;
				VALIDATE_PRODUCT = YES;
			};
			name = Release;
		};
		DD293B632B698F1000DAA167 /* Debug */ = {
			isa = XCBuildConfiguration;
			buildSettings = {
				ASSETCATALOG_COMPILER_APPICON_NAME = AppIcon;
				ASSETCATALOG_COMPILER_GLOBAL_ACCENT_COLOR_NAME = AccentColor;
				CODE_SIGN_STYLE = Automatic;
				CURRENT_PROJECT_VERSION = 1;
				GENERATE_INFOPLIST_FILE = YES;
				INFOPLIST_FILE = Navigation/Info.plist;
				INFOPLIST_KEY_UIApplicationSupportsIndirectInputEvents = YES;
				INFOPLIST_KEY_UILaunchStoryboardName = LaunchScreen;
				INFOPLIST_KEY_UIMainStoryboardFile = "";
				INFOPLIST_KEY_UISupportedInterfaceOrientations = UIInterfaceOrientationPortrait;
				INFOPLIST_KEY_UISupportedInterfaceOrientations_iPad = "UIInterfaceOrientationLandscapeLeft UIInterfaceOrientationLandscapeRight UIInterfaceOrientationPortrait UIInterfaceOrientationPortraitUpsideDown";
				IPHONEOS_DEPLOYMENT_TARGET = 13.0;
				LD_RUNPATH_SEARCH_PATHS = (
					"$(inherited)",
					"@executable_path/Frameworks",
				);
				MARKETING_VERSION = 1.0;
				PRODUCT_BUNDLE_IDENTIFIER = ru.uzumko.Navigation;
				PRODUCT_NAME = "$(TARGET_NAME)";
				SUPPORTED_PLATFORMS = "iphoneos iphonesimulator";
				SUPPORTS_MACCATALYST = NO;
				SUPPORTS_MAC_DESIGNED_FOR_IPHONE_IPAD = NO;
				SWIFT_EMIT_LOC_STRINGS = YES;
				SWIFT_VERSION = 5.0;
				TARGETED_DEVICE_FAMILY = 1;
			};
			name = Debug;
		};
		DD293B642B698F1000DAA167 /* Release */ = {
			isa = XCBuildConfiguration;
			buildSettings = {
				ASSETCATALOG_COMPILER_APPICON_NAME = AppIcon;
				ASSETCATALOG_COMPILER_GLOBAL_ACCENT_COLOR_NAME = AccentColor;
				CODE_SIGN_STYLE = Automatic;
				CURRENT_PROJECT_VERSION = 1;
				GENERATE_INFOPLIST_FILE = YES;
				INFOPLIST_FILE = Navigation/Info.plist;
				INFOPLIST_KEY_UIApplicationSupportsIndirectInputEvents = YES;
				INFOPLIST_KEY_UILaunchStoryboardName = LaunchScreen;
				INFOPLIST_KEY_UIMainStoryboardFile = "";
				INFOPLIST_KEY_UISupportedInterfaceOrientations = UIInterfaceOrientationPortrait;
				INFOPLIST_KEY_UISupportedInterfaceOrientations_iPad = "UIInterfaceOrientationLandscapeLeft UIInterfaceOrientationLandscapeRight UIInterfaceOrientationPortrait UIInterfaceOrientationPortraitUpsideDown";
				IPHONEOS_DEPLOYMENT_TARGET = 13.0;
				LD_RUNPATH_SEARCH_PATHS = (
					"$(inherited)",
					"@executable_path/Frameworks",
				);
				MARKETING_VERSION = 1.0;
				PRODUCT_BUNDLE_IDENTIFIER = ru.uzumko.Navigation;
				PRODUCT_NAME = "$(TARGET_NAME)";
				SUPPORTED_PLATFORMS = "iphoneos iphonesimulator";
				SUPPORTS_MACCATALYST = NO;
				SUPPORTS_MAC_DESIGNED_FOR_IPHONE_IPAD = NO;
				SWIFT_EMIT_LOC_STRINGS = YES;
				SWIFT_VERSION = 5.0;
				TARGETED_DEVICE_FAMILY = 1;
			};
			name = Release;
		};
/* End XCBuildConfiguration section */

/* Begin XCConfigurationList section */
		DD293B492B698F0F00DAA167 /* Build configuration list for PBXProject "Navigation" */ = {
			isa = XCConfigurationList;
			buildConfigurations = (
				DD293B602B698F1000DAA167 /* Debug */,
				DD293B612B698F1000DAA167 /* Release */,
			);
			defaultConfigurationIsVisible = 0;
			defaultConfigurationName = Release;
		};
		DD293B622B698F1000DAA167 /* Build configuration list for PBXNativeTarget "Navigation" */ = {
			isa = XCConfigurationList;
			buildConfigurations = (
				DD293B632B698F1000DAA167 /* Debug */,
				DD293B642B698F1000DAA167 /* Release */,
			);
			defaultConfigurationIsVisible = 0;
			defaultConfigurationName = Release;
		};
/* End XCConfigurationList section */
	};
	rootObject = DD293B462B698F0F00DAA167 /* Project object */;
}
